
Microsoft Visual Studio Solution File, Format Version 12.00
# Visual Studio 15
VisualStudioVersion = 15.0.27004.2002
MinimumVisualStudioVersion = 10.0.40219.1
Project("{FAE04EC0-301F-11D3-BF4B-00C04F79EFBC}") = "Elmah.Io.Trace", "Elmah.Io.Trace\Elmah.Io.Trace.csproj", "{59A81B85-5EC0-4C0B-890B-20CF67FF104E}"
EndProject
Project("{FAE04EC0-301F-11D3-BF4B-00C04F79EFBC}") = "Elmah.Io.Trace.Tests", "Elmah.Io.Trace.Tests\Elmah.Io.Trace.Tests.csproj", "{6C247354-B58E-4334-9FE4-D3E2188D74D0}"
EndProject
Project("{2150E333-8FDC-42A3-9474-1A3956D46DE8}") = "Solution Items", "Solution Items", "{98F8E484-8DFB-4094-923A-D5FE8B3C62CD}"
	ProjectSection(SolutionItems) = preProject
		appveyor.yml = appveyor.yml
		Elmah.Io.Trace.nuspec = Elmah.Io.Trace.nuspec
		README.md = README.md
	EndProjectSection
EndProject
Global
	GlobalSection(SolutionConfigurationPlatforms) = preSolution
		Debug|Any CPU = Debug|Any CPU
		Release|Any CPU = Release|Any CPU
	EndGlobalSection
	GlobalSection(ProjectConfigurationPlatforms) = postSolution
		{59A81B85-5EC0-4C0B-890B-20CF67FF104E}.Debug|Any CPU.ActiveCfg = Debug|Any CPU
		{59A81B85-5EC0-4C0B-890B-20CF67FF104E}.Debug|Any CPU.Build.0 = Debug|Any CPU
		{59A81B85-5EC0-4C0B-890B-20CF67FF104E}.Release|Any CPU.ActiveCfg = Release|Any CPU
		{59A81B85-5EC0-4C0B-890B-20CF67FF104E}.Release|Any CPU.Build.0 = Release|Any CPU
		{6C247354-B58E-4334-9FE4-D3E2188D74D0}.Debug|Any CPU.ActiveCfg = Debug|Any CPU
		{6C247354-B58E-4334-9FE4-D3E2188D74D0}.Debug|Any CPU.Build.0 = Debug|Any CPU
		{6C247354-B58E-4334-9FE4-D3E2188D74D0}.Release|Any CPU.ActiveCfg = Release|Any CPU
		{6C247354-B58E-4334-9FE4-D3E2188D74D0}.Release|Any CPU.Build.0 = Release|Any CPU
	EndGlobalSection
	GlobalSection(SolutionProperties) = preSolution
		HideSolutionNode = FALSE
	EndGlobalSection
	GlobalSection(ExtensibilityGlobals) = postSolution
		SolutionGuid = {3A0FF905-6FB1-4714-9C55-CC6E97C4B78D}
	EndGlobalSection
EndGlobal
